
Microsoft Visual Studio Solution File, Format Version 12.00
# Visual Studio 2013
VisualStudioVersion = 12.0.21005.1
MinimumVisualStudioVersion = 10.0.40219.1
Project("{FAE04EC0-301F-11D3-BF4B-00C04F79EFBC}") = "Sudoku", "Sudoku\Sudoku.csproj", "{228566C5-16A7-447D-833E-92B2549DC58C}"
EndProject
Project("{FAE04EC0-301F-11D3-BF4B-00C04F79EFBC}") = "Sudoku.Tests", "Sudoku.Tests\Sudoku.Tests.csproj", "{F1A93F2F-020C-4F86-8BE5-5BE017E2ADC2}"
EndProject
Global
	GlobalSection(SolutionConfigurationPlatforms) = preSolution
		Debug|Any CPU = Debug|Any CPU
		Release|Any CPU = Release|Any CPU
	EndGlobalSection
	GlobalSection(ProjectConfigurationPlatforms) = postSolution
		{228566C5-16A7-447D-833E-92B2549DC58C}.Debug|Any CPU.ActiveCfg = Debug|Any CPU
		{228566C5-16A7-447D-833E-92B2549DC58C}.Debug|Any CPU.Build.0 = Debug|Any CPU
		{228566C5-16A7-447D-833E-92B2549DC58C}.Release|Any CPU.ActiveCfg = Release|Any CPU
		{228566C5-16A7-447D-833E-92B2549DC58C}.Release|Any CPU.Build.0 = Release|Any CPU
		{F1A93F2F-020C-4F86-8BE5-5BE017E2ADC2}.Debug|Any CPU.ActiveCfg = Debug|Any CPU
		{F1A93F2F-020C-4F86-8BE5-5BE017E2ADC2}.Debug|Any CPU.Build.0 = Debug|Any CPU
		{F1A93F2F-020C-4F86-8BE5-5BE017E2ADC2}.Release|Any CPU.ActiveCfg = Release|Any CPU
		{F1A93F2F-020C-4F86-8BE5-5BE017E2ADC2}.Release|Any CPU.Build.0 = Release|Any CPU
	EndGlobalSection
	GlobalSection(SolutionProperties) = preSolution
		HideSolutionNode = FALSE
	EndGlobalSection
EndGlobal
